
Microsoft Visual Studio Solution File, Format Version 12.00
# Visual Studio Version 16
VisualStudioVersion = 16.0.30011.22
MinimumVisualStudioVersion = 10.0.40219.1
Project("{00D1A9C2-B5F0-4AF3-8072-F6C62B433612}") = "CricketPlayersData", "CricketPlayersData\CricketPlayersData.sqlproj", "{0FE62657-8C8D-4179-AF2C-1EE5DEC1BA08}"
EndProject
Global
	GlobalSection(SolutionConfigurationPlatforms) = preSolution
		Debug|Any CPU = Debug|Any CPU
		Release|Any CPU = Release|Any CPU
	EndGlobalSection
	GlobalSection(ProjectConfigurationPlatforms) = postSolution
		{0FE62657-8C8D-4179-AF2C-1EE5DEC1BA08}.Debug|Any CPU.ActiveCfg = Debug|Any CPU
		{0FE62657-8C8D-4179-AF2C-1EE5DEC1BA08}.Debug|Any CPU.Build.0 = Debug|Any CPU
		{0FE62657-8C8D-4179-AF2C-1EE5DEC1BA08}.Debug|Any CPU.Deploy.0 = Debug|Any CPU
		{0FE62657-8C8D-4179-AF2C-1EE5DEC1BA08}.Release|Any CPU.ActiveCfg = Release|Any CPU
		{0FE62657-8C8D-4179-AF2C-1EE5DEC1BA08}.Release|Any CPU.Build.0 = Release|Any CPU
		{0FE62657-8C8D-4179-AF2C-1EE5DEC1BA08}.Release|Any CPU.Deploy.0 = Release|Any CPU
	EndGlobalSection
	GlobalSection(SolutionProperties) = preSolution
		HideSolutionNode = FALSE
	EndGlobalSection
	GlobalSection(ExtensibilityGlobals) = postSolution
		SolutionGuid = {2CE0521B-0821-46BC-B101-9F70DDE1CE40}
	EndGlobalSection
EndGlobal
